
Microsoft Visual Studio Solution File, Format Version 12.00
# Visual Studio Version 17
VisualStudioVersion = 17.5.33530.505
MinimumVisualStudioVersion = 10.0.40219.1
Project("{9A19103F-16F7-4668-BE54-9A1E7A4F7556}") = "Shynest.Identity.Api", "Shynest.Identity.Api\Shynest.Identity.Api.csproj", "{3E4EB327-D581-4DFB-BFE4-A416186CF49D}"
EndProject
Project("{2150E333-8FDC-42A3-9474-1A3956D46DE8}") = "Solution Items", "Solution Items", "{F97C6438-5B15-4BF9-BB63-F00749D001D0}"
	ProjectSection(SolutionItems) = preProject
		.dockerignore = .dockerignore
		.gitignore = .gitignore
		docker-compose.yml = docker-compose.yml
	EndProjectSection
EndProject
Global
	GlobalSection(SolutionConfigurationPlatforms) = preSolution
		Debug|Any CPU = Debug|Any CPU
		Release|Any CPU = Release|Any CPU
	EndGlobalSection
	GlobalSection(ProjectConfigurationPlatforms) = postSolution
		{3E4EB327-D581-4DFB-BFE4-A416186CF49D}.Debug|Any CPU.ActiveCfg = Debug|Any CPU
		{3E4EB327-D581-4DFB-BFE4-A416186CF49D}.Debug|Any CPU.Build.0 = Debug|Any CPU
		{3E4EB327-D581-4DFB-BFE4-A416186CF49D}.Release|Any CPU.ActiveCfg = Release|Any CPU
		{3E4EB327-D581-4DFB-BFE4-A416186CF49D}.Release|Any CPU.Build.0 = Release|Any CPU
	EndGlobalSection
	GlobalSection(SolutionProperties) = preSolution
		HideSolutionNode = FALSE
	EndGlobalSection
	GlobalSection(ExtensibilityGlobals) = postSolution
		SolutionGuid = {07DE0BF9-AE98-4DAA-BEA5-0DF8664EE0FB}
	EndGlobalSection
EndGlobal
