
Microsoft Visual Studio Solution File, Format Version 12.00
Project("{FAE04EC0-301F-11D3-BF4B-00C04F79EFBC}") = "Shynest.Identity.Api", "Shynest.Identity.Api\Shynest.Identity.Api.csproj", "{7A494062-32CB-40A8-81E0-3581C0D9347F}"
EndProject
Project("{2150E333-8FDC-42A3-9474-1A3956D46DE8}") = "Solution Items", "Solution Items", "{499D7187-E271-4784-896B-1CA0A82C5FDC}"
	ProjectSection(SolutionItems) = preProject
		.dockerignore = .dockerignore
		.gitignore = .gitignore
		docker-compose.yml = docker-compose.yml
	EndProjectSection
EndProject
Global
	GlobalSection(SolutionConfigurationPlatforms) = preSolution
		Debug|Any CPU = Debug|Any CPU
		Release|Any CPU = Release|Any CPU
	EndGlobalSection
	GlobalSection(ProjectConfigurationPlatforms) = postSolution
		{7A494062-32CB-40A8-81E0-3581C0D9347F}.Debug|Any CPU.ActiveCfg = Debug|Any CPU
		{7A494062-32CB-40A8-81E0-3581C0D9347F}.Debug|Any CPU.Build.0 = Debug|Any CPU
		{7A494062-32CB-40A8-81E0-3581C0D9347F}.Release|Any CPU.ActiveCfg = Release|Any CPU
		{7A494062-32CB-40A8-81E0-3581C0D9347F}.Release|Any CPU.Build.0 = Release|Any CPU
	EndGlobalSection
EndGlobal
